
Microsoft Visual Studio Solution File, Format Version 12.00
# Visual Studio Version 17
VisualStudioVersion = 17.14.36310.24 d17.14
MinimumVisualStudioVersion = 10.0.40219.1
Project("{FAE04EC0-301F-11D3-BF4B-00C04F79EFBC}") = "exerciciopessoa", "exerciciopessoa\exerciciopessoa.csproj", "{774DE22B-CFD1-4A8D-932F-1D1D952758AD}"
EndProject
Global
	GlobalSection(SolutionConfigurationPlatforms) = preSolution
		Debug|Any CPU = Debug|Any CPU
		Release|Any CPU = Release|Any CPU
	EndGlobalSection
	GlobalSection(ProjectConfigurationPlatforms) = postSolution
		{774DE22B-CFD1-4A8D-932F-1D1D952758AD}.Debug|Any CPU.ActiveCfg = Debug|Any CPU
		{774DE22B-CFD1-4A8D-932F-1D1D952758AD}.Debug|Any CPU.Build.0 = Debug|Any CPU
		{774DE22B-CFD1-4A8D-932F-1D1D952758AD}.Release|Any CPU.ActiveCfg = Release|Any CPU
		{774DE22B-CFD1-4A8D-932F-1D1D952758AD}.Release|Any CPU.Build.0 = Release|Any CPU
	EndGlobalSection
	GlobalSection(SolutionProperties) = preSolution
		HideSolutionNode = FALSE
	EndGlobalSection
	GlobalSection(ExtensibilityGlobals) = postSolution
		SolutionGuid = {5FD4451E-E3A0-43C4-B34A-4BCA207C5CB0}
	EndGlobalSection
EndGlobal
