Microsoft Visual Studio Solution File, Format Version 12.00
# Visual Studio Version 17
VisualStudioVersion = 17.5.2.0
MinimumVisualStudioVersion = 10.0.40219.1
Project("{FAE04EC0-301F-11D3-BF4B-00C04F79EFBC}") = "Aula23App", "Aula23App.csproj", "{23B691C6-3004-AB5A-35B0-6D4A67BFD42A}"
EndProject
Global
	GlobalSection(SolutionConfigurationPlatforms) = preSolution
		Debug|Any CPU = Debug|Any CPU
		Release|Any CPU = Release|Any CPU
	EndGlobalSection
	GlobalSection(ProjectConfigurationPlatforms) = postSolution
		{23B691C6-3004-AB5A-35B0-6D4A67BFD42A}.Debug|Any CPU.ActiveCfg = Debug|Any CPU
		{23B691C6-3004-AB5A-35B0-6D4A67BFD42A}.Debug|Any CPU.Build.0 = Debug|Any CPU
		{23B691C6-3004-AB5A-35B0-6D4A67BFD42A}.Release|Any CPU.ActiveCfg = Release|Any CPU
		{23B691C6-3004-AB5A-35B0-6D4A67BFD42A}.Release|Any CPU.Build.0 = Release|Any CPU
	EndGlobalSection
	GlobalSection(SolutionProperties) = preSolution
		HideSolutionNode = FALSE
	EndGlobalSection
	GlobalSection(ExtensibilityGlobals) = postSolution
		SolutionGuid = {A387B7C5-C52C-4ED7-BDED-B8C363F88C1F}
	EndGlobalSection
EndGlobal
